
Microsoft Visual Studio Solution File, Format Version 12.00
# Visual Studio 15
VisualStudioVersion = 15.0.28307.438
MinimumVisualStudioVersion = 10.0.40219.1
Project("{FAE04EC0-301F-11D3-BF4B-00C04F79EFBC}") = "WpfApp2", "WpfApp2\WpfApp2.csproj", "{AA4BB188-3513-4A16-8C05-17A9EAB9DE94}"
EndProject
Global
	GlobalSection(SolutionConfigurationPlatforms) = preSolution
		Debug|Any CPU = Debug|Any CPU
		Release|Any CPU = Release|Any CPU
	EndGlobalSection
	GlobalSection(ProjectConfigurationPlatforms) = postSolution
		{AA4BB188-3513-4A16-8C05-17A9EAB9DE94}.Debug|Any CPU.ActiveCfg = Debug|Any CPU
		{AA4BB188-3513-4A16-8C05-17A9EAB9DE94}.Debug|Any CPU.Build.0 = Debug|Any CPU
		{AA4BB188-3513-4A16-8C05-17A9EAB9DE94}.Release|Any CPU.ActiveCfg = Release|Any CPU
		{AA4BB188-3513-4A16-8C05-17A9EAB9DE94}.Release|Any CPU.Build.0 = Release|Any CPU
	EndGlobalSection
	GlobalSection(SolutionProperties) = preSolution
		HideSolutionNode = FALSE
	EndGlobalSection
	GlobalSection(ExtensibilityGlobals) = postSolution
		SolutionGuid = {26DEB166-34FE-4C99-95B7-8BF2154293EA}
	EndGlobalSection
EndGlobal
