
Microsoft Visual Studio Solution File, Format Version 12.00
# Visual Studio 15
VisualStudioVersion = 15.0.28307.438
MinimumVisualStudioVersion = 10.0.40219.1
Project("{FAE04EC0-301F-11D3-BF4B-00C04F79EFBC}") = "WpfApp3", "WpfApp3\WpfApp3.csproj", "{F14B43EA-7045-4DD7-B372-A0B4ECCFF057}"
EndProject
Global
	GlobalSection(SolutionConfigurationPlatforms) = preSolution
		Debug|Any CPU = Debug|Any CPU
		Release|Any CPU = Release|Any CPU
	EndGlobalSection
	GlobalSection(ProjectConfigurationPlatforms) = postSolution
		{F14B43EA-7045-4DD7-B372-A0B4ECCFF057}.Debug|Any CPU.ActiveCfg = Debug|Any CPU
		{F14B43EA-7045-4DD7-B372-A0B4ECCFF057}.Debug|Any CPU.Build.0 = Debug|Any CPU
		{F14B43EA-7045-4DD7-B372-A0B4ECCFF057}.Release|Any CPU.ActiveCfg = Release|Any CPU
		{F14B43EA-7045-4DD7-B372-A0B4ECCFF057}.Release|Any CPU.Build.0 = Release|Any CPU
	EndGlobalSection
	GlobalSection(SolutionProperties) = preSolution
		HideSolutionNode = FALSE
	EndGlobalSection
	GlobalSection(ExtensibilityGlobals) = postSolution
		SolutionGuid = {B3397A59-268A-4329-805F-15E0613E8614}
	EndGlobalSection
EndGlobal
