
Microsoft Visual Studio Solution File, Format Version 12.00
# Visual Studio 15
VisualStudioVersion = 15.0.28307.438
MinimumVisualStudioVersion = 10.0.40219.1
Project("{FAE04EC0-301F-11D3-BF4B-00C04F79EFBC}") = "WindowsFormsApp3", "WindowsFormsApp3\WindowsFormsApp3.csproj", "{7B0A79C1-4932-4F9B-9084-E9A8DC0F7BFE}"
EndProject
Global
	GlobalSection(SolutionConfigurationPlatforms) = preSolution
		Debug|Any CPU = Debug|Any CPU
		Release|Any CPU = Release|Any CPU
	EndGlobalSection
	GlobalSection(ProjectConfigurationPlatforms) = postSolution
		{7B0A79C1-4932-4F9B-9084-E9A8DC0F7BFE}.Debug|Any CPU.ActiveCfg = Debug|Any CPU
		{7B0A79C1-4932-4F9B-9084-E9A8DC0F7BFE}.Debug|Any CPU.Build.0 = Debug|Any CPU
		{7B0A79C1-4932-4F9B-9084-E9A8DC0F7BFE}.Release|Any CPU.ActiveCfg = Release|Any CPU
		{7B0A79C1-4932-4F9B-9084-E9A8DC0F7BFE}.Release|Any CPU.Build.0 = Release|Any CPU
	EndGlobalSection
	GlobalSection(SolutionProperties) = preSolution
		HideSolutionNode = FALSE
	EndGlobalSection
	GlobalSection(ExtensibilityGlobals) = postSolution
		SolutionGuid = {1A3108A6-B844-4F03-BBCE-0C7620D1698C}
	EndGlobalSection
EndGlobal
