
Microsoft Visual Studio Solution File, Format Version 12.00
# Visual Studio 15
VisualStudioVersion = 15.0.28307.438
MinimumVisualStudioVersion = 10.0.40219.1
Project("{FAE04EC0-301F-11D3-BF4B-00C04F79EFBC}") = "aa", "aa\aa.csproj", "{DF53B5E7-0CE8-4716-86B8-83E810219C5D}"
EndProject
Global
	GlobalSection(SolutionConfigurationPlatforms) = preSolution
		Debug|Any CPU = Debug|Any CPU
		Release|Any CPU = Release|Any CPU
	EndGlobalSection
	GlobalSection(ProjectConfigurationPlatforms) = postSolution
		{DF53B5E7-0CE8-4716-86B8-83E810219C5D}.Debug|Any CPU.ActiveCfg = Debug|Any CPU
		{DF53B5E7-0CE8-4716-86B8-83E810219C5D}.Debug|Any CPU.Build.0 = Debug|Any CPU
		{DF53B5E7-0CE8-4716-86B8-83E810219C5D}.Release|Any CPU.ActiveCfg = Release|Any CPU
		{DF53B5E7-0CE8-4716-86B8-83E810219C5D}.Release|Any CPU.Build.0 = Release|Any CPU
	EndGlobalSection
	GlobalSection(SolutionProperties) = preSolution
		HideSolutionNode = FALSE
	EndGlobalSection
	GlobalSection(ExtensibilityGlobals) = postSolution
		SolutionGuid = {1B714148-6D79-4CFB-8F6F-A4579686A0B5}
	EndGlobalSection
EndGlobal
